
Microsoft Visual Studio Solution File, Format Version 12.00
# Visual Studio 15
VisualStudioVersion = 15.0.28010.2036
MinimumVisualStudioVersion = 10.0.40219.1
Project("{8BC9CEB8-8B4A-11D0-8D11-00A0C91BC942}") = "Lab2-2", "Lab2-2\Lab2-2.vcxproj", "{06613E80-C75F-41B7-BA32-2EC954EB97C5}"
EndProject
Global
	GlobalSection(SolutionConfigurationPlatforms) = preSolution
		Debug|x64 = Debug|x64
		Debug|x86 = Debug|x86
		Release|x64 = Release|x64
		Release|x86 = Release|x86
	EndGlobalSection
	GlobalSection(ProjectConfigurationPlatforms) = postSolution
		{06613E80-C75F-41B7-BA32-2EC954EB97C5}.Debug|x64.ActiveCfg = Debug|x64
		{06613E80-C75F-41B7-BA32-2EC954EB97C5}.Debug|x64.Build.0 = Debug|x64
		{06613E80-C75F-41B7-BA32-2EC954EB97C5}.Debug|x86.ActiveCfg = Debug|Win32
		{06613E80-C75F-41B7-BA32-2EC954EB97C5}.Debug|x86.Build.0 = Debug|Win32
		{06613E80-C75F-41B7-BA32-2EC954EB97C5}.Release|x64.ActiveCfg = Release|x64
		{06613E80-C75F-41B7-BA32-2EC954EB97C5}.Release|x64.Build.0 = Release|x64
		{06613E80-C75F-41B7-BA32-2EC954EB97C5}.Release|x86.ActiveCfg = Release|Win32
		{06613E80-C75F-41B7-BA32-2EC954EB97C5}.Release|x86.Build.0 = Release|Win32
	EndGlobalSection
	GlobalSection(SolutionProperties) = preSolution
		HideSolutionNode = FALSE
	EndGlobalSection
	GlobalSection(ExtensibilityGlobals) = postSolution
		SolutionGuid = {407A6E5E-3D8B-48C6-8B4C-7CA697C42E8D}
	EndGlobalSection
EndGlobal
